<?xml version="1.0" encoding="utf-8"?>
<Project ToolsVersion="4.0" xmlns="http://schemas.microsoft.com/developer/msbuild/2003">
  <ItemGroup>
    <Filter Include="ソース ファイル">
      <UniqueIdentifier>{4FC737F1-C7A5-4376-A066-2A32D752A2FF}</UniqueIdentifier>
      <Extensions>cpp;c;cc;cxx;c++;cppm;ixx;def;odl;idl;hpj;bat;asm;asmx</Extensions>
    </Filter>
    <Filter Include="ヘッダー ファイル">
      <UniqueIdentifier>{93995380-89BD-4b04-88EB-625FBE52EBFB}</UniqueIdentifier>
      <Extensions>h;hh;hpp;hxx;h++;hm;inl;inc;ipp;xsd</Extensions>
    </Filter>
    <Filter Include="リソース ファイル">
      <UniqueIdentifier>{67DA6AB6-F800-4c08-8B7A-83BB121AAD01}</UniqueIdentifier>
      <Extensions>rc;ico;cur;bmp;dlg;rc2;rct;bin;rgs;gif;jpg;jpeg;jpe;resx;tiff;tif;png;wav;mfcribbon-ms</Extensions>
    </Filter>
    <Filter Include="ソース ファイル\scene">
      <UniqueIdentifier>{b9c4bfca-e6cd-4073-9a9b-ee07c6abf107}</UniqueIdentifier>
    </Filter>
    <Filter Include="ヘッダー ファイル\scene">
      <UniqueIdentifier>{771456cb-c621-48de-97fc-d0d2aa539088}</UniqueIdentifier>
    </Filter>
    <Filter Include="ヘッダー ファイル\base">
      <UniqueIdentifier>{63f5a251-ab40-495e-a7a9-64ea7de90460}</UniqueIdentifier>
    </Filter>
    <Filter Include="ソース ファイル\base">
      <UniqueIdentifier>{e633ff4d-4912-4fb7-9257-b2f8002a0547}</UniqueIdentifier>
    </Filter>
    <Filter Include="ソース ファイル\math">
      <UniqueIdentifier>{d9484686-97fa-469e-bfdb-344b87a3eaa3}</UniqueIdentifier>
    </Filter>
    <Filter Include="ヘッダー ファイル\math">
      <UniqueIdentifier>{b253f697-3e87-4f9a-81fc-4bb5df5f03d5}</UniqueIdentifier>
    </Filter>
    <Filter Include="ソース ファイル\sprite">
      <UniqueIdentifier>{547b5758-7243-4909-96ee-63489bba17d0}</UniqueIdentifier>
    </Filter>
    <Filter Include="ヘッダー ファイル\sprite">
      <UniqueIdentifier>{7cb3f28e-172a-47a9-8de4-68f2126ac49e}</UniqueIdentifier>
    </Filter>
    <Filter Include="ソース ファイル\i/o">
      <UniqueIdentifier>{a17799bd-cad3-492b-a4dd-c15162552510}</UniqueIdentifier>
    </Filter>
    <Filter Include="ソース ファイル\i/o\i/o">
      <UniqueIdentifier>{3dd3edc9-0ede-4819-b423-6d146220c0f1}</UniqueIdentifier>
    </Filter>
    <Filter Include="ヘッダー ファイル\3dObject">
      <UniqueIdentifier>{12aa527a-6205-40c5-9408-e985529bb995}</UniqueIdentifier>
    </Filter>
    <Filter Include="ソース ファイル\3dObject">
      <UniqueIdentifier>{bea34884-5d02-4d34-bb93-d491e7c2f0ee}</UniqueIdentifier>
    </Filter>
    <Filter Include="ソース ファイル\FBX">
      <UniqueIdentifier>{91ee422f-1574-4bce-86a8-d60afe5b30f2}</UniqueIdentifier>
    </Filter>
    <Filter Include="ヘッダー ファイル\FBX">
      <UniqueIdentifier>{449bcc78-8c55-44ef-b50b-d7fbebd47415}</UniqueIdentifier>
    </Filter>
    <Filter Include="ヘッダー ファイル\scene\sceneManager">
      <UniqueIdentifier>{912241c8-d2aa-4e9e-b8f1-33145abd2e3a}</UniqueIdentifier>
    </Filter>
    <Filter Include="ソース ファイル\scene\sceneManager">
      <UniqueIdentifier>{30543e8d-f132-4540-b3b2-7abf67bc45c2}</UniqueIdentifier>
    </Filter>
    <Filter Include="ソース ファイル\Collision">
      <UniqueIdentifier>{c813f0e3-dcd3-43cb-b054-3b830a7a7afb}</UniqueIdentifier>
    </Filter>
    <Filter Include="ヘッダー ファイル\Collision">
      <UniqueIdentifier>{a73702cf-a68f-4654-9811-d2d90a4f486f}</UniqueIdentifier>
    </Filter>
  </ItemGroup>
  <ItemGroup>
    <ClCompile Include="scene\Ease.cpp">
      <Filter>ソース ファイル\scene</Filter>
    </ClCompile>
    <ClCompile Include="GameScene.cpp">
      <Filter>ソース ファイル\scene</Filter>
    </ClCompile>
    <ClCompile Include="main.cpp">
      <Filter>ソース ファイル\base</Filter>
    </ClCompile>
    <ClCompile Include="engine\WinApp.cpp">
      <Filter>ソース ファイル\base</Filter>
    </ClCompile>
    <ClCompile Include="engine\DirectXCommon.cpp">
      <Filter>ソース ファイル\base</Filter>
    </ClCompile>
    <ClCompile Include="math\Vector4.cpp">
      <Filter>ソース ファイル\math</Filter>
    </ClCompile>
    <ClCompile Include="math\Vector3.cpp">
      <Filter>ソース ファイル\math</Filter>
    </ClCompile>
    <ClCompile Include="math\Vector2.cpp">
      <Filter>ソース ファイル\math</Filter>
    </ClCompile>
    <ClCompile Include="math\Quaternion.cpp">
      <Filter>ソース ファイル\math</Filter>
    </ClCompile>
    <ClCompile Include="math\Matrix4.cpp">
      <Filter>ソース ファイル\math</Filter>
    </ClCompile>
    <ClCompile Include="math\MathFunc.cpp">
      <Filter>ソース ファイル\math</Filter>
    </ClCompile>
    <ClCompile Include="sprite\Sprite.cpp">
      <Filter>ソース ファイル\sprite</Filter>
    </ClCompile>
    <ClCompile Include="sprite\SpriteCommon.cpp">
      <Filter>ソース ファイル\sprite</Filter>
    </ClCompile>
    <ClCompile Include="input\input.cpp">
      <Filter>ソース ファイル\i/o</Filter>
    </ClCompile>
    <ClCompile Include="audio\Audio.cpp">
      <Filter>ソース ファイル\i/o</Filter>
    </ClCompile>
    <ClCompile Include="ImGuiManager.cpp">
      <Filter>ソース ファイル</Filter>
    </ClCompile>
    <ClCompile Include="ParticleManager.cpp">
      <Filter>ソース ファイル</Filter>
    </ClCompile>
    <ClCompile Include="Camera.cpp">
      <Filter>ソース ファイル</Filter>
    </ClCompile>
    <ClCompile Include="GameCamera.cpp">
      <Filter>ソース ファイル\scene</Filter>
    </ClCompile>
    <ClCompile Include="3dObject\Object3d.cpp">
      <Filter>ソース ファイル\3dObject</Filter>
    </ClCompile>
    <ClCompile Include="3dObject\Mesh.cpp">
      <Filter>ソース ファイル\3dObject</Filter>
    </ClCompile>
    <ClCompile Include="WorldTransform.cpp">
      <Filter>ソース ファイル\3dObject</Filter>
    </ClCompile>
    <ClCompile Include="Player.cpp">
      <Filter>ソース ファイル</Filter>
    </ClCompile>
    <ClCompile Include="fbx\FBXLoader.cpp">
      <Filter>ソース ファイル\FBX</Filter>
    </ClCompile>
    <ClCompile Include="FBXModel.cpp">
      <Filter>ソース ファイル\FBX</Filter>
    </ClCompile>
    <ClCompile Include="FBXObject3d.cpp">
      <Filter>ソース ファイル\FBX</Filter>
    </ClCompile>
    <ClCompile Include="scene\sceneManager\EndScene.cpp">
      <Filter>ソース ファイル\scene\sceneManager</Filter>
    </ClCompile>
    <ClCompile Include="scene\sceneManager\GamePart1.cpp">
      <Filter>ソース ファイル\scene\sceneManager</Filter>
    </ClCompile>
    <ClCompile Include="scene\sceneManager\IScene.cpp">
      <Filter>ソース ファイル\scene\sceneManager</Filter>
    </ClCompile>
    <ClCompile Include="scene\sceneManager\SceneManager.cpp">
      <Filter>ソース ファイル\scene\sceneManager</Filter>
    </ClCompile>
    <ClCompile Include="scene\sceneManager\TitleScene.cpp">
      <Filter>ソース ファイル\scene\sceneManager</Filter>
    </ClCompile>
    <ClCompile Include="Collider\Collision.cpp">
      <Filter>ソース ファイル\Collision</Filter>
    </ClCompile>
    <ClCompile Include="Collider\CollisionPrimitive.cpp">
      <Filter>ソース ファイル\Collision</Filter>
    </ClCompile>
    <ClCompile Include="Collider\SphereCollider.cpp">
      <Filter>ソース ファイル\Collision</Filter>
    </ClCompile>
    <ClCompile Include="Collider\CollisionManager.cpp">
      <Filter>ソース ファイル\Collision</Filter>
    </ClCompile>
    <ClCompile Include="Collider\MeshCollider.cpp">
      <Filter>ソース ファイル\Collision</Filter>
    </ClCompile>
    <ClCompile Include="scene\sceneManager\GamePart2.cpp">
      <Filter>ソース ファイル\scene\sceneManager</Filter>
    </ClCompile>
    <ClCompile Include="TestLand.cpp">
      <Filter>ソース ファイル</Filter>
    </ClCompile>
    <ClCompile Include="FbxPlayer.cpp">
      <Filter>ソース ファイル</Filter>
    </ClCompile>
    <ClCompile Include="Boss.cpp">
      <Filter>ソース ファイル</Filter>
    </ClCompile>
    <ClCompile Include="BossBullet.cpp">
      <Filter>ソース ファイル</Filter>
    </ClCompile>
    <ClCompile Include="BossLaser.cpp">
  　<Filter>ソース ファイル</Filter></ClCompile>
    <ClCompile Include="Ground.cpp">
      <Filter>ソース ファイル</Filter>
    </ClCompile>
    <ClCompile Include="BossBurstBullet.cpp">
      <Filter>ソース ファイル</Filter>
    </ClCompile>
    <ClCompile Include="HitStopManager.cpp">
      <Filter>ソース ファイル</Filter>
    </ClCompile>
  </ItemGroup>
  <ItemGroup>
    <FxCompile Include="Resources\shaders\ObjPS.hlsl">
      <Filter>リソース ファイル</Filter>
    </FxCompile>
    <FxCompile Include="Resources\shaders\ObjVS.hlsl">
      <Filter>リソース ファイル</Filter>
    </FxCompile>
    <FxCompile Include="Resources\shaders\BasicPS.hlsl" />
    <FxCompile Include="Resources\shaders\BasicVS.hlsl" />
    <FxCompile Include="Resources\shaders\RimLightPS.hlsl">
      <Filter>リソース ファイル</Filter>
    </FxCompile>
    <FxCompile Include="Resources\shaders\RimLightVS.hlsl">
      <Filter>リソース ファイル</Filter>
    </FxCompile>
    <FxCompile Include="Resources\shaders\FBXPS.hlsl">
      <Filter>リソース ファイル</Filter>
    </FxCompile>
    <FxCompile Include="Resources\shaders\FBXVS.hlsl">
      <Filter>リソース ファイル</Filter>
    </FxCompile>
    <FxCompile Include="Resources\shaders\ParticleGS.hlsl">
      <Filter>リソース ファイル</Filter>
    </FxCompile>
    <FxCompile Include="Resources\shaders\ParticlePS.hlsl">
      <Filter>リソース ファイル</Filter>
    </FxCompile>
    <FxCompile Include="Resources\shaders\ParticleVS.hlsl">
      <Filter>リソース ファイル</Filter>
    </FxCompile>
  </ItemGroup>
  <ItemGroup>
    <ClInclude Include="scene\Ease.h">
      <Filter>ヘッダー ファイル\scene</Filter>
    </ClInclude>
    <ClInclude Include="GameScene.h">
      <Filter>ヘッダー ファイル\scene</Filter>
    </ClInclude>
    <ClInclude Include="engine\WinApp.h">
      <Filter>ヘッダー ファイル\base</Filter>
    </ClInclude>
    <ClInclude Include="engine\DirectXCommon.h">
      <Filter>ヘッダー ファイル\base</Filter>
    </ClInclude>
    <ClInclude Include="Error.h">
      <Filter>ヘッダー ファイル\base</Filter>
    </ClInclude>
    <ClInclude Include="math\MathFunc.h">
      <Filter>ヘッダー ファイル\math</Filter>
    </ClInclude>
    <ClInclude Include="math\Matrix4.h">
      <Filter>ヘッダー ファイル\math</Filter>
    </ClInclude>
    <ClInclude Include="math\Quaternion.h">
      <Filter>ヘッダー ファイル\math</Filter>
    </ClInclude>
    <ClInclude Include="math\Vector2.h">
      <Filter>ヘッダー ファイル\math</Filter>
    </ClInclude>
    <ClInclude Include="math\Vector3.h">
      <Filter>ヘッダー ファイル\math</Filter>
    </ClInclude>
    <ClInclude Include="math\Vector4.h">
      <Filter>ヘッダー ファイル\math</Filter>
    </ClInclude>
    <ClInclude Include="sprite\SpriteCommon.h">
      <Filter>ヘッダー ファイル\sprite</Filter>
    </ClInclude>
    <ClInclude Include="sprite\Sprite.h">
      <Filter>ヘッダー ファイル\sprite</Filter>
    </ClInclude>
    <ClInclude Include="input\input.h">
      <Filter>ソース ファイル\i/o\i/o</Filter>
    </ClInclude>
    <ClInclude Include="audio\Audio.h">
      <Filter>ソース ファイル\i/o\i/o</Filter>
    </ClInclude>
    <ClInclude Include="ImGuiManager.h">
      <Filter>ヘッダー ファイル</Filter>
    </ClInclude>
    <ClInclude Include="ParticleManager.h">
      <Filter>ヘッダー ファイル</Filter>
    </ClInclude>
    <ClInclude Include="Camera.h">
      <Filter>ヘッダー ファイル</Filter>
    </ClInclude>
    <ClInclude Include="3dObject\Object3d.h">
      <Filter>ヘッダー ファイル\3dObject</Filter>
    </ClInclude>
    <ClInclude Include="3dObject\Mesh.h">
      <Filter>ヘッダー ファイル\3dObject</Filter>
    </ClInclude>
    <ClInclude Include="WorldTransform.h">
      <Filter>ヘッダー ファイル\3dObject</Filter>
    </ClInclude>
    <ClInclude Include="Player.h">
      <Filter>ヘッダー ファイル</Filter>
    </ClInclude>
    <ClInclude Include="GameCamera.h">
      <Filter>ヘッダー ファイル\scene</Filter>
    </ClInclude>
    <ClInclude Include="FBXObject3d.h">
      <Filter>ヘッダー ファイル\FBX</Filter>
    </ClInclude>
    <ClInclude Include="FBXModel.h">
      <Filter>ヘッダー ファイル\FBX</Filter>
    </ClInclude>
    <ClInclude Include="fbx\FBXLoader.h">
      <Filter>ヘッダー ファイル\FBX</Filter>
    </ClInclude>
    <ClInclude Include="scene\sceneManager\EndScene.h">
      <Filter>ヘッダー ファイル\scene\sceneManager</Filter>
    </ClInclude>
    <ClInclude Include="scene\sceneManager\GamePart1.h">
      <Filter>ヘッダー ファイル\scene\sceneManager</Filter>
    </ClInclude>
    <ClInclude Include="scene\sceneManager\IScene.h">
      <Filter>ヘッダー ファイル\scene\sceneManager</Filter>
    </ClInclude>
    <ClInclude Include="scene\sceneManager\SceneManager.h">
      <Filter>ヘッダー ファイル\scene\sceneManager</Filter>
    </ClInclude>
    <ClInclude Include="scene\sceneManager\TitleScene.h">
      <Filter>ヘッダー ファイル\scene\sceneManager</Filter>
    </ClInclude>
    <ClInclude Include="Collider\BaseCollider.h">
      <Filter>ヘッダー ファイル\Collision</Filter>
    </ClInclude>
    <ClInclude Include="Collider\Collision.h">
      <Filter>ヘッダー ファイル\Collision</Filter>
    </ClInclude>
    <ClInclude Include="Collider\CollisionInfo.h">
      <Filter>ヘッダー ファイル\Collision</Filter>
    </ClInclude>
    <ClInclude Include="Collider\CollisionPrimitive.h">
      <Filter>ヘッダー ファイル\Collision</Filter>
    </ClInclude>
    <ClInclude Include="Collider\CollisionTypes.h">
      <Filter>ヘッダー ファイル\Collision</Filter>
    </ClInclude>
    <ClInclude Include="Collider\SphereCollider.h">
      <Filter>ヘッダー ファイル\Collision</Filter>
    </ClInclude>
    <ClInclude Include="Collider\CollisionManager.h">
      <Filter>ヘッダー ファイル\Collision</Filter>
    </ClInclude>
    <ClInclude Include="Collider\RaycastHit.h">
      <Filter>ヘッダー ファイル\Collision</Filter>
    </ClInclude>
    <ClInclude Include="Collider\MeshCollider.h">
      <Filter>ヘッダー ファイル\Collision</Filter>
    </ClInclude>
    <ClInclude Include="scene\sceneManager\SceneIntegrate.h">
      <Filter>ヘッダー ファイル\scene\sceneManager</Filter>
    </ClInclude>
    <ClInclude Include="scene\sceneManager\GamePart2.h">
      <Filter>ヘッダー ファイル\scene\sceneManager</Filter>
    </ClInclude>
    <ClInclude Include="TestLand.h">
      <Filter>ヘッダー ファイル</Filter>
    </ClInclude>
    <ClInclude Include="Collider\CollisionAttribute.h">
      <Filter>ヘッダー ファイル\Collision</Filter>
    </ClInclude>
    <ClInclude Include="FbxPlayer.h">
      <Filter>ヘッダー ファイル</Filter>
    </ClInclude>
    <ClInclude Include="Boss.h">
      <Filter>ヘッダー ファイル</Filter>
    </ClInclude>
    <ClInclude Include="BossBullet.h">
      <Filter>ヘッダー ファイル</Filter>
    </ClInclude>
    <ClInclude Include="BossLaser.h">
      <Filter>ヘッダー ファイル</Filter>
    </ClInclude>
    <ClInclude Include="Ground.h">
      <Filter>ヘッダー ファイル</Filter>
    </ClInclude>
    <ClInclude Include="BossBurstBullet.h">
      <Filter>ヘッダー ファイル</Filter>
    </ClInclude>
    <ClInclude Include="HitStopManager.h">
      <Filter>ヘッダー ファイル</Filter>
    </ClInclude>
  </ItemGroup>
  <ItemGroup>
    <None Include="Resources\shaders\Obj.hlsli">
      <Filter>リソース ファイル</Filter>
    </None>
    <None Include="Resources\shaders\Basic.hlsli" />
    <None Include="Resources\shaders\RimLight.hlsli">
      <Filter>リソース ファイル</Filter>
    </None>
    <None Include="Resources\shaders\FBX.hlsli">
      <Filter>リソース ファイル</Filter>
    </None>
    <None Include="Resources\shaders\Particle.hlsli">
      <Filter>リソース ファイル</Filter>
    </None>
  </ItemGroup>
</Project>